של Google</a>.‏פעולה זו תוציא אותך מחשבונות Google שלך. שינויים בסימניות, בהיסטוריה, בסיסמאות ובהגדרות נוספות לא יסונכרנו יותר עם חשבון Google שלך. עם זאת, הנתונים הקיימים עדיין יאוחסנו בחשבון Google שלך ואפשר לנהל אותם ב<a href="$1" target="_blank">מרכז השליטה של Google</a>.‏הפעולה הזאת תוציא אותך מחשבונות Google שלך. הסימניות, ההיסטוריה, הסיסמאות ופרטים אחרים יפסיקו לעבור סנכרון.הצגת נתונים סטטיסטיים של פרופילהסר גם את הנתונים הקיימים שלך ממכשיר זהזה מספיק, ברצוני לצאתסנכרון‏שירותי Google אחרים‏סנכרון ושירותי Googleהגדרות סנכרון מתקדמותניהול הסנכרוןהמתן…הסנכרו