ýraz>Bez názvu$1 - Google Chromehttps://chrome.google.com/webstore?hl=skSkratka bola odstránenáNezobrazovať na tejto stránkeSpäťObnoviť všetkoAutor motívu:NajnavštevovanejšieVyhľadajte na Googli alebo zadajte webovú adresuPrispôsobiť túto stránkuPozadia ChromuNahrať obrázokObnoviť predvolené pozadieVybrať zbierkuObnovovať denneHotovoZrušiťChyba pripojeniaChyba pripojenia.Pozadia nie sú k dispozícii. Skúste to znova neskôr.Pridať odkazUpraviť skratkuNázovWebová adresaOdstrániťZadajte platnú webovú adresuSkratka bola upravenáOdkaz bol pridanýObnoviť predvolené skratkySkratka sa nedá vytvoriťSkratka sa nedá upraviťSkratka sa nedá odstrániťSkontrolujte mikrofón.PodrobnostiKliknutím zobrazíte dnešný doodleVyhľadávanie podľa hlasuHlasové vyhľadávanie nie je k dispozícii vo vašom jazyku.Počúvam…Žiadne internetové pripojenie.Nebolo rozumieť.Skontrolujte mikrofón a úrovne zvuku.Hlasové vyhľadávanie bolo vy