iprināt izmaiņasPaplašinājums $1 ir pievienots.Paplašinājums “$1” tika automātiski atspējots.Lietotne $1 ir pievienota.Lietotne $1 tika automātiski noņemta.Labi$1 vēlas sazināties ar lietotni “$2”$1 vēlas sazināties ar paplašinājumu “$2”Var:Tagad var:Varētu:Nav īpašu atļauju.• $1($1){1,plural, =1{Vērtējums: {0, number,0.0} (no viena lietotāja)}zero{Vērtējums: {0, number,0.0} (no # lietotājiem)}one{Vērtējums: {0, number,0.0} (no # lietotāja)}other{Vērtējums: {0, number,0.0} (no # lietotājiem)}}Vēl nav novērtējis neviens lietotājs.$1 lietotājiAtvērt interneta veikalā{NUM_FILES,plural, =1{Tai ir pastāvīga piekļuve vienam failam.}zero{Tai ir pastāvīga piekļuve # failiem.}one{Tai ir pastāvīga piekļuve # failam.}other{Tai ir pastāvīga piekļuve # failiem.}}Lasīt un mainīt visus jūsu datus jūsu datorā un jūsu apmeklētajās vietnēsLasīt un mainīt visus jūsu datus jūsu apmeklētajās vietnēsLasīt vi