�োন বিজ্ঞপ্তি প্রদান ছাড়াই Google আপনাকে বা ব্যবহারকারীগণকে পরিষেবাগুলি (বা পরিষেবার মধ্যের কোন বৈশিষ্ট্য) দেওয়া থামাতে (স্থায়ীভাবে বা অস্থায়ীভাবে) পারে৷ আপনি যে কোনও সময়ে পরিষেবাগুলি ব্যবহার করা বন্ধ করতে পারেন৷ আপনি যখন পরিষেবাগুলির ব্যবহার বন্ধ করছেন তখন Google-কে আপনার নির্দিষ্টভাবে জানানোর প্রয়োজন নেই৷</p>
<p>4.4 আপনি স্বীকার করেন এবং সম্মত হন যে Google যদি আপনার অ্যাকাউন্টকে �