erősei és családtagjai külön fiókokban internetezve a saját kívánságaik szerint állíthatják be a Chrome-ot.Kattintson a nevére a Chrome megnyitásához és a böngészés megkezdéséhez.Adja hozzá magát a Chrome-banEz a bővítmény módosította, hogy melyik oldal jelenik meg a Chrome indításakor.A(z) $1 bővítmény módosította, hogy melyik oldal jelenjen meg a Chrome indításakor. Továbbá azt is szabályozza, hogy melyik oldal jelenik meg a Chrome indításakor.  Továbbá azt is szabályozza, hogy melyik oldal jelenik meg a Chrome indításakor vagy a Kezdőlap gombra történő kattintáskor.  Továbbá azt is szabályozza, hogy melyik oldal jelenik meg a Chrome indításakor vagy a cím- és keresősávban indított kereséskor. Google Chrome (mDNS-In)Google Chrome Béta (mDNS-In)Google Chrome Canary (mDNS-In)Google Chrome Dev (mDNS-In)Bejövő szabály a Google Chrome-hoz az mDNS forgalom engedélyezése céljából.Bejövő szabály a Google 