
Microsoft Visual Studio Solution File, Format Version 12.00
# Visual Studio 14
VisualStudioVersion = 14.0.25420.1
MinimumVisualStudioVersion = 10.0.40219.1
Project("{FAE04EC0-301F-11D3-BF4B-00C04F79EFBC}") = "B1", "BT1_LTUD_B1\B1.csproj", "{D87D9CC8-F21A-44E7-849D-D09634C5548A}"
EndProject
Project("{FAE04EC0-301F-11D3-BF4B-00C04F79EFBC}") = "B2", "B2\B2.csproj", "{AE8B3241-26D9-4A80-A734-60553FB41563}"
EndProject
Project("{FAE04EC0-301F-11D3-BF4B-00C04F79EFBC}") = "B3", "B3\B3.csproj", "{4DA5B7BC-407F-46B7-87B0-790F43B50D46}"
EndProject
Project("{FAE04EC0-301F-11D3-BF4B-00C04F79EFBC}") = "B4", "B4\B4.csproj", "{FDF6A76D-474B-4E84-9DA5-63CC94D48166}"
EndProject
Project("{FAE04EC0-301F-11D3-BF4B-00C04F79EFBC}") = "B5", "B5\B5.csproj", "{6605DAE1-F69A-447F-B3B5-F631B0180D6B}"
EndProject
Project("{FAE04EC0-301F-11D3-BF4B-00C04F79EFBC}") = "B6", "B6\B6.csproj", "{B7CF787C-58F1-406D-85C8-BD47C5A9729E}"
EndProject
Project("{FAE04EC0-301F-11D3-BF4B-00C04F79EFBC}") = "B7", "B7\B7.csproj", "{633AF77E-DA66-448B-AE1E-71D9803CFCD7}"
EndProject
Project("{FAE04EC0-301F-11D3-BF4B-00C04F79EFBC}") = "B8", "B8\B8.csproj", "{E66CB268-2867-4851-8A18-30F6CFB98D95}"
EndProject
Project("{FAE04EC0-301F-11D3-BF4B-00C04F79EFBC}") = "B9", "B9\B9.csproj", "{724779DB-1149-4CD5-81E1-2A62CEECE20E}"
EndProject
Project("{FAE04EC0-301F-11D3-BF4B-00C04F79EFBC}") = "B10", "B10\B10.csproj", "{37472649-C061-4EEC-8139-AB82989C73AE}"
EndProject
Project("{FAE04EC0-301F-11D3-BF4B-00C04F79EFBC}") = "B11", "B11\B11.csproj", "{D6E066BB-C761-48CC-858D-E1BB70084E8F}"
EndProject
Global
	GlobalSection(SolutionConfigurationPlatforms) = preSolution
		Debug|Any CPU = Debug|Any CPU
		Release|Any CPU = Release|Any CPU
	EndGlobalSection
	GlobalSection(ProjectConfigurationPlatforms) = postSolution
		{D87D9CC8-F21A-44E7-849D-D09634C5548A}.Debug|Any CPU.ActiveCfg = Debug|Any CPU
		{D87D9CC8-F21A-44E7-849D-D09634C5548A}.Debug|Any CPU.Build.0 = Debug|Any CPU
		{D87D9CC8-F21A-44E7-849D-D09634C5548A}.Release|Any CPU.ActiveCfg = Release|Any CPU
		{D87D9CC8-F21A-44E7-849D-D09634C5548A}.Release|Any CPU.Build.0 = Release|Any CPU
		{AE8B3241-26D9-4A80-A734-60553FB41563}.Debug|Any CPU.ActiveCfg = Debug|Any CPU
		{AE8B3241-26D9-4A80-A734-60553FB41563}.Debug|Any CPU.Build.0 = Debug|Any CPU
		{AE8B3241-26D9-4A80-A734-60553FB41563}.Release|Any CPU.ActiveCfg = Release|Any CPU
		{AE8B3241-26D9-4A80-A734-60553FB41563}.Release|Any CPU.Build.0 = Release|Any CPU
		{4DA5B7BC-407F-46B7-87B0-790F43B50D46}.Debug|Any CPU.ActiveCfg = Debug|Any CPU
		{4DA5B7BC-407F-46B7-87B0-790F43B50D46}.Debug|Any CPU.Build.0 = Debug|Any CPU
		{4DA5B7BC-407F-46B7-87B0-790F43B50D46}.Release|Any CPU.ActiveCfg = Release|Any CPU
		{4DA5B7BC-407F-46B7-87B0-790F43B50D46}.Release|Any CPU.Build.0 = Release|Any CPU
		{FDF6A76D-474B-4E84-9DA5-63CC94D48166}.Debug|Any CPU.ActiveCfg = Debug|Any CPU
		{FDF6A76D-474B-4E84-9DA5-63CC94D48166}.Debug|Any CPU.Build.0 = Debug|Any CPU
		{FDF6A76D-474B-4E84-9DA5-63CC94D48166}.Release|Any CPU.ActiveCfg = Release|Any CPU
		{FDF6A76D-474B-4E84-9DA5-63CC94D48166}.Release|Any CPU.Build.0 = Release|Any CPU
		{6605DAE1-F69A-447F-B3B5-F631B0180D6B}.Debug|Any CPU.ActiveCfg = Debug|Any CPU
		{6605DAE1-F69A-447F-B3B5-F631B0180D6B}.Debug|Any CPU.Build.0 = Debug|Any CPU
		{6605DAE1-F69A-447F-B3B5-F631B0180D6B}.Release|Any CPU.ActiveCfg = Release|Any CPU
		{6605DAE1-F69A-447F-B3B5-F631B0180D6B}.Release|Any CPU.Build.0 = Release|Any CPU
		{B7CF787C-58F1-406D-85C8-BD47C5A9729E}.Debug|Any CPU.ActiveCfg = Debug|Any CPU
		{B7CF787C-58F1-406D-85C8-BD47C5A9729E}.Debug|Any CPU.Build.0 = Debug|Any CPU
		{B7CF787C-58F1-406D-85C8-BD47C5A9729E}.Release|Any CPU.ActiveCfg = Release|Any CPU
		{B7CF787C-58F1-406D-85C8-BD47C5A9729E}.Release|Any CPU.Build.0 = Release|Any CPU
		{633AF77E-DA66-448B-AE1E-71D9803CFCD7}.Debug|Any CPU.ActiveCfg = Debug|Any CPU
		{633AF77E-DA66-448B-AE1E-71D9803CFCD7}.Debug|Any CPU.Build.0 = Debug|Any CPU
		{633AF77E-DA66-448B-AE1E-71D9803CFCD7}.Release|Any CPU.ActiveCfg = Release|Any CPU
		{633AF77E-DA66-448B-AE1E-71D9803CFCD7}.Release|Any CPU.Build.0 = Release|Any CPU
		{E66CB268-2867-4851-8A18-30F6CFB98D95}.Debug|Any CPU.ActiveCfg = Debug|Any CPU
		{E66CB268-2867-4851-8A18-30F6CFB98D95}.Debug|Any CPU.Build.0 = Debug|Any CPU
		{E66CB268-2867-4851-8A18-30F6CFB98D95}.Release|Any CPU.ActiveCfg = Release|Any CPU
		{E66CB268-2867-4851-8A18-30F6CFB98D95}.Release|Any CPU.Build.0 = Release|Any CPU
		{724779DB-1149-4CD5-81E1-2A62CEECE20E}.Debug|Any CPU.ActiveCfg = Debug|Any CPU
		{724779DB-1149-4CD5-81E1-2A62CEECE20E}.Debug|Any CPU.Build.0 = Debug|Any CPU
		{724779DB-1149-4CD5-81E1-2A62CEECE20E}.Release|Any CPU.ActiveCfg = Release|Any CPU
		{724779DB-1149-4CD5-81E1-2A62CEECE20E}.Release|Any CPU.Build.0 = Release|Any CPU
		{37472649-C061-4EEC-8139-AB82989C73AE}.Debug|Any CPU.ActiveCfg = Debug|Any CPU
		{37472649-C061-4EEC-8139-AB82989C73AE}.Debug|Any CPU.Build.0 = Debug|Any CPU
		{37472649-C061-4EEC-8139-AB82989C73AE}.Release|Any CPU.ActiveCfg = Release|Any CPU
		{37472649-C061-4EEC-8139-AB82989C73AE}.Release|Any CPU.Build.0 = Release|Any CPU
		{D6E066BB-C761-48CC-858D-E1BB70084E8F}.Debug|Any CPU.ActiveCfg = Debug|Any CPU
		{D6E066BB-C761-48CC-858D-E1BB70084E8F}.Debug|Any CPU.Build.0 = Debug|Any CPU
		{D6E066BB-C761-48CC-858D-E1BB70084E8F}.Release|Any CPU.ActiveCfg = Release|Any CPU
		{D6E066BB-C761-48CC-858D-E1BB70084E8F}.Release|Any CPU.Build.0 = Release|Any CPU
	EndGlobalSection
	GlobalSection(SolutionProperties) = preSolution
		HideSolutionNode = FALSE
	EndGlobalSection
EndGlobal
