�িবর্তন করে আপনাকে বোকা বানাতে পারে।এই সাইটে আপনার কোনো সংবেদনশীল তথ্য দেওয়া উচিত হবে না (উদাহরণস্বরূপ, পাসওয়ার্ড বা ক্রেডিট কার্ড) কারণ আক্রমণকারীরা এগুলি চুরি করতে পারে।এই সাইটে আক্রমণকারীরা আপনার কম্পিউটারে ক্ষতিকারক প্রোগ্রাম ইনস্টল করতে পারে যা আপনার তথ্য (যেমন, ফটো, পাসওয়ার্ড, মেসেজ এবং ক্রেডিট কার্ড) চুরি করতে বা মুছে দিতে পারে।Attackers on this site may trick you into doing something dangerous like install