
Microsoft Visual Studio Solution File, Format Version 12.00
# Visual Studio 14
VisualStudioVersion = 14.0.25420.1
MinimumVisualStudioVersion = 10.0.40219.1
Project("{FAE04EC0-301F-11D3-BF4B-00C04F79EFBC}") = "AnhNe", "AnhNe\AnhNe.csproj", "{D0BC059B-D5E6-4DFB-BAE8-64047F2E056B}"
EndProject
Project("{FAE04EC0-301F-11D3-BF4B-00C04F79EFBC}") = "B2", "B2\B2.csproj", "{92C4FA1C-A3AE-41B9-95EB-264A9907A797}"
EndProject
Project("{FAE04EC0-301F-11D3-BF4B-00C04F79EFBC}") = "B3", "B3\B3.csproj", "{8F6EAE7A-2EF5-4C55-8EC7-9EB91B558A98}"
EndProject
Project("{FAE04EC0-301F-11D3-BF4B-00C04F79EFBC}") = "B4", "B4\B4.csproj", "{5B6B0511-4BB0-4946-A95E-337DE6E38591}"
EndProject
Project("{FAE04EC0-301F-11D3-BF4B-00C04F79EFBC}") = "B5", "B5\B5.csproj", "{41F1BBB1-6CA6-4330-BFF7-44B6A682163C}"
EndProject
Project("{FAE04EC0-301F-11D3-BF4B-00C04F79EFBC}") = "B6", "B6\B6.csproj", "{B0BBBAE4-EEE5-419B-8735-EB85C06434BD}"
EndProject
Project("{FAE04EC0-301F-11D3-BF4B-00C04F79EFBC}") = "B7", "B7\B7.csproj", "{C648586C-5C5C-4315-BC74-AAA5665C9764}"
EndProject
Project("{FAE04EC0-301F-11D3-BF4B-00C04F79EFBC}") = "B8", "B8\B8.csproj", "{A0F87D13-5BDB-40E6-84E0-6EDC674E15D0}"
EndProject
Project("{FAE04EC0-301F-11D3-BF4B-00C04F79EFBC}") = "B9", "B9\B9.csproj", "{816ABD88-686E-4D45-9555-40A24822E427}"
EndProject
Project("{FAE04EC0-301F-11D3-BF4B-00C04F79EFBC}") = "B10", "B10\B10.csproj", "{99011217-7249-42DD-AE50-D0788C11C90C}"
EndProject
Project("{FAE04EC0-301F-11D3-BF4B-00C04F79EFBC}") = "B11", "B11\B11.csproj", "{6E89C3FC-A21C-4D4A-AE5D-E63D5EE72383}"
EndProject
Project("{FAE04EC0-301F-11D3-BF4B-00C04F79EFBC}") = "B12", "B12\B12.csproj", "{6D5A8736-29DF-4D24-B229-546CC82201CE}"
EndProject
Global
	GlobalSection(SolutionConfigurationPlatforms) = preSolution
		Debug|Any CPU = Debug|Any CPU
		Release|Any CPU = Release|Any CPU
	EndGlobalSection
	GlobalSection(ProjectConfigurationPlatforms) = postSolution
		{D0BC059B-D5E6-4DFB-BAE8-64047F2E056B}.Debug|Any CPU.ActiveCfg = Debug|Any CPU
		{D0BC059B-D5E6-4DFB-BAE8-64047F2E056B}.Debug|Any CPU.Build.0 = Debug|Any CPU
		{D0BC059B-D5E6-4DFB-BAE8-64047F2E056B}.Release|Any CPU.ActiveCfg = Release|Any CPU
		{D0BC059B-D5E6-4DFB-BAE8-64047F2E056B}.Release|Any CPU.Build.0 = Release|Any CPU
		{92C4FA1C-A3AE-41B9-95EB-264A9907A797}.Debug|Any CPU.ActiveCfg = Debug|Any CPU
		{92C4FA1C-A3AE-41B9-95EB-264A9907A797}.Debug|Any CPU.Build.0 = Debug|Any CPU
		{92C4FA1C-A3AE-41B9-95EB-264A9907A797}.Release|Any CPU.ActiveCfg = Release|Any CPU
		{92C4FA1C-A3AE-41B9-95EB-264A9907A797}.Release|Any CPU.Build.0 = Release|Any CPU
		{8F6EAE7A-2EF5-4C55-8EC7-9EB91B558A98}.Debug|Any CPU.ActiveCfg = Debug|Any CPU
		{8F6EAE7A-2EF5-4C55-8EC7-9EB91B558A98}.Debug|Any CPU.Build.0 = Debug|Any CPU
		{8F6EAE7A-2EF5-4C55-8EC7-9EB91B558A98}.Release|Any CPU.ActiveCfg = Release|Any CPU
		{8F6EAE7A-2EF5-4C55-8EC7-9EB91B558A98}.Release|Any CPU.Build.0 = Release|Any CPU
		{5B6B0511-4BB0-4946-A95E-337DE6E38591}.Debug|Any CPU.ActiveCfg = Debug|Any CPU
		{5B6B0511-4BB0-4946-A95E-337DE6E38591}.Debug|Any CPU.Build.0 = Debug|Any CPU
		{5B6B0511-4BB0-4946-A95E-337DE6E38591}.Release|Any CPU.ActiveCfg = Release|Any CPU
		{5B6B0511-4BB0-4946-A95E-337DE6E38591}.Release|Any CPU.Build.0 = Release|Any CPU
		{41F1BBB1-6CA6-4330-BFF7-44B6A682163C}.Debug|Any CPU.ActiveCfg = Debug|Any CPU
		{41F1BBB1-6CA6-4330-BFF7-44B6A682163C}.Debug|Any CPU.Build.0 = Debug|Any CPU
		{41F1BBB1-6CA6-4330-BFF7-44B6A682163C}.Release|Any CPU.ActiveCfg = Release|Any CPU
		{41F1BBB1-6CA6-4330-BFF7-44B6A682163C}.Release|Any CPU.Build.0 = Release|Any CPU
		{B0BBBAE4-EEE5-419B-8735-EB85C06434BD}.Debug|Any CPU.ActiveCfg = Debug|Any CPU
		{B0BBBAE4-EEE5-419B-8735-EB85C06434BD}.Debug|Any CPU.Build.0 = Debug|Any CPU
		{B0BBBAE4-EEE5-419B-8735-EB85C06434BD}.Release|Any CPU.ActiveCfg = Release|Any CPU
		{B0BBBAE4-EEE5-419B-8735-EB85C06434BD}.Release|Any CPU.Build.0 = Release|Any CPU
		{C648586C-5C5C-4315-BC74-AAA5665C9764}.Debug|Any CPU.ActiveCfg = Debug|Any CPU
		{C648586C-5C5C-4315-BC74-AAA5665C9764}.Debug|Any CPU.Build.0 = Debug|Any CPU
		{C648586C-5C5C-4315-BC74-AAA5665C9764}.Release|Any CPU.ActiveCfg = Release|Any CPU
		{C648586C-5C5C-4315-BC74-AAA5665C9764}.Release|Any CPU.Build.0 = Release|Any CPU
		{A0F87D13-5BDB-40E6-84E0-6EDC674E15D0}.Debug|Any CPU.ActiveCfg = Debug|Any CPU
		{A0F87D13-5BDB-40E6-84E0-6EDC674E15D0}.Debug|Any CPU.Build.0 = Debug|Any CPU
		{A0F87D13-5BDB-40E6-84E0-6EDC674E15D0}.Release|Any CPU.ActiveCfg = Release|Any CPU
		{A0F87D13-5BDB-40E6-84E0-6EDC674E15D0}.Release|Any CPU.Build.0 = Release|Any CPU
		{816ABD88-686E-4D45-9555-40A24822E427}.Debug|Any CPU.ActiveCfg = Debug|Any CPU
		{816ABD88-686E-4D45-9555-40A24822E427}.Debug|Any CPU.Build.0 = Debug|Any CPU
		{816ABD88-686E-4D45-9555-40A24822E427}.Release|Any CPU.ActiveCfg = Release|Any CPU
		{816ABD88-686E-4D45-9555-40A24822E427}.Release|Any CPU.Build.0 = Release|Any CPU
		{99011217-7249-42DD-AE50-D0788C11C90C}.Debug|Any CPU.ActiveCfg = Debug|Any CPU
		{99011217-7249-42DD-AE50-D0788C11C90C}.Debug|Any CPU.Build.0 = Debug|Any CPU
		{99011217-7249-42DD-AE50-D0788C11C90C}.Release|Any CPU.ActiveCfg = Release|Any CPU
		{99011217-7249-42DD-AE50-D0788C11C90C}.Release|Any CPU.Build.0 = Release|Any CPU
		{6E89C3FC-A21C-4D4A-AE5D-E63D5EE72383}.Debug|Any CPU.ActiveCfg = Debug|Any CPU
		{6E89C3FC-A21C-4D4A-AE5D-E63D5EE72383}.Debug|Any CPU.Build.0 = Debug|Any CPU
		{6E89C3FC-A21C-4D4A-AE5D-E63D5EE72383}.Release|Any CPU.ActiveCfg = Release|Any CPU
		{6E89C3FC-A21C-4D4A-AE5D-E63D5EE72383}.Release|Any CPU.Build.0 = Release|Any CPU
		{6D5A8736-29DF-4D24-B229-546CC82201CE}.Debug|Any CPU.ActiveCfg = Debug|Any CPU
		{6D5A8736-29DF-4D24-B229-546CC82201CE}.Debug|Any CPU.Build.0 = Debug|Any CPU
		{6D5A8736-29DF-4D24-B229-546CC82201CE}.Release|Any CPU.ActiveCfg = Release|Any CPU
		{6D5A8736-29DF-4D24-B229-546CC82201CE}.Release|Any CPU.Build.0 = Release|Any CPU
	EndGlobalSection
	GlobalSection(SolutionProperties) = preSolution
		HideSolutionNode = FALSE
	EndGlobalSection
EndGlobal
