márkajegy-használati irányelveivel összhangban használja. Ezek az irányelvek az interneten olvashatók, a http://www.google.com/permissions/guidelines.html címen (vagy más, a Google által esetleg e célra megadott URL-címen).</p>
<p>8.4 A Google tudomásul veszi és elfogadja, hogy a jelen Feltételek értelmében semmilyen jogot, jogcímet vagy érdekeltséget sem szerez Öntől (vagy licencbe adóitól) az Ön által a Szolgáltatások révén elküldött, közzétett, átvitt vagy megjelenített tartalomra vagy annak részére, beleértve a Tartalomra fennálló szellemi tulajdonjogokat is (függetlenül attól, hogy történetesen be vannak-e jegyezve ezek a jogok, bárhol létezzenek is ezek a jogok a világon). A Google-lal írásban megkötött ezzel ellentétes értelmű szerződés híján Ön kijelenti, hogy Ön felelős ezen jogok védelméért és betartatásáért, és hogy a Google nem köteles ezt megtenni az Ön érdekében.</p>
<p>8.5 Kijelenti, h