 naslov&Kopiraj besedilo povezaveSh&rani sliko kot …Kopiraj naslov slikeKop&iraj slikoOdpri &sliko v novem zavihkuOdpri izvirno &sliko na novem zavihkuPonav&ljajPokaži &kontrolnike&Zasukaj v smeri urinega kazalcaZasukaj v o&bratni smeri urinega kazalcaShr&ani videoposnetek kot …Kopiraj naslov videoposnetka&Odpri videoposnetek na novem zavihkuShr&ani zvočni posnetek kot …Kopiraj naslov zvoka&Odpri zvočni posnetek na novem zavihkuSlika v sliki&Razveljavi&UveljaviIzrež&i&PrilepiPrilepi kot navadno besedilo&Dodaj v slovarVednoSamo enkratVklop izboljšanega preverjanja črkovanjaNalaganje predlogaNič več Googlovih predlogov&V iskalniku $1 poišči »$2«&Išči sliko tu: $1&Pojdi na $1Predlagaj geslo …Zaženi vtičnikSkrij vtičnikOmogoči Flash&Jezikovne nastavitve&Črkovalnik&Vsi jeziki&Uporaba osnovnega preverjanja črkovanjaNov &zavihek&Prikaži kot zavihek&Novo oknoNovo &okno brez beleženja zgodovinePripnite to stran na začetni zaslon …&Iskanje …Shrani stran &kot …Ustvari povzetek strani