lis na makapagbayad sa susunod, i-save ang iyong card, pangalan, at billing address sa Google Account mo at sa device na ito.Pangalan ng cardholderNagmula ang pangalang ito sa iyong Google AccountNag-aalok ang Chrome na i-save ang iyong mga card sa Google Account mo dahil naka-sign in ka. Maaari mong baguhin ang gawing ito sa mga setting.Logo ng Google PaySine-save ang mga card…Gamitin ang iyong mga card sa lahat ng device mo?Sa ngayon, may mga card kang magagamit lang sa device na ito. I-click ang Magpatuloy para suriin ang mga card.{NUM_CARDS,plural, =1{I-save ang card sa iyong Google Account}one{I-save ang mga card sa iyong Google Account}other{I-save ang mga card sa iyong Google Account}}Handa ka na!Malapit nang mataposIse-save sa device lang na ito{NUM_CARDS,plural, =1{Ise-save ang card na ito at ang billing address nito. Magagamit mo ito kapag nag-sign in ka sa $1.}one{Ise-save ang mga card na ito at ang mga billing address ng mga ito. Magagamit mo ang mga ito kapag