ng berbahaya)Menghantar URL sesetengah halaman yang anda lawati kepada Google, apabila keselamatan anda terancamBantu tingkatkan keselamatan ChromeUntuk mengesan apl dan tapak berbahaya, Chrome menghantar URL sesetengah halaman yang anda lawati, maklumat sistem yang terhad dan sesetengah kandungan halaman kepada GoogleGunakan semak ejaan yang dipertingkatkanChrome menghantar teks yang anda taip dalam penyemak imbas kepada GoogleHantar statistik penggunaan dan laporan nahas kepada Google secara automatikBantu meningkatkan ciri dan prestasi ChromeMenghantar perangkaan penggunaan dan laporan ranap sistem secara automatik kepada GoogleMempertingkatkan carian dan penyemakan imbasMenghantar URL halaman yang anda lawati kepada GoogleHantar permintaan 'Jangan Kesan' dengan trafik penyemakan imbas andaJangan KesanApabila anda mendayakan ‘Jangan Kesan’, permintaan akan disertakan dengan trafik penyemakan imbas anda. Sebarang kesan bergantung pada sama ada tapak web menyambut permintaan tersebut dan cara permintaan tersebut ditafsirkan. Contohnya, sesetengah tapak web mungkin menyambut permintaan ini dengan memaparkan kepada anda iklan yang tidak berdasarkan tapak web lain yang pernah anda lawati. Sebahagian besar tapak web tetap akan mengumpul dan menggunakan data penyemakan imbas anda - contohnya, untuk meningkatkan keselamatan, untuk menyediakan kandungan, perkhidmatan, iklan dan cadangan pada tapak web mereka dan untuk menghasilkan perangkaan pelaporan. <a target="_blank" href="$1">Ketahui lebih lanjut</a>Dayakan Akses DisahkanPastikan Wi-Fi hidup semasa tidurUruskan sijilUrus sijil dan tetapan HTTPS/SSLTetapan kandunganTetapan TapakKawal maklumat yang boleh tapak web gunakan dan kandungan yang boleh ditunjukkan kepada andaKosongkan dataKosongkan data semakan imbasKosongkan sejarah, kuki, cache dan pelbagai lagiLagi tetapan yang berkaitan privasi, keselamatan dan pengumpulan dataTetapkan semula tetapanPulihkan tetapan kepada lalai asal.Beberapa tetapan telah ditetapkan semulaChrome mengesan bahawa sesetengah tetapan anda telah terganggu oleh program lain dan menetapkannya semula kepada tetapan lalainya yang asal.Tetapkan semula semua tetapanTetapkan semula dan padam bersihBersihkan komputerEnjin carianEnjin carian yang digunakan dalam <a target="_blank" href="$1">bar alamat</a>Urus enjin carianEnjin CarianTambah enjin carianEdit enjin carianEnjin carian lalaiEnjin carian lainEnjin carian lain yang disimpan akan kelihatan di siniEnjin carian ditambah oleh sambunganKata kunciURL PertanyaanURL dengan %s sebagai ganti pertanyaanBuang dari senaraiUrusterbenam pada $1dibenam pada mana-mana hosKategori KebenaranSemua tapakLihat kebenaran dan data yang disimpan pada semua tapakIsih mengikutData disimpan—IklanMuat turun automatikPenyegerakan latar belakangPapan KeratanTanya apabila tapak mahu melihat teks dan imej yang disalin ke papan keratanTanya apabila tapak ingin melihat teks dan imej yang disalin ke papan keratan (disyorkan)Jangan benarkan tapak melihat teks dan imej yang disalin ke papan keratanKukiPengendaliImejJavaScriptFlashPengendali PembayaranBenarkan tapak untuk memasang pengendali pembayaranBenarkan tapak untuk memasang pengendali pembayaran (disyorkan)Jangan benarkan mana-mana tapak untuk memasang pengendali pembayaranDokumen PDFMuat turun fail PDF dan bukannya membuka fail dalam Chrome secara automatikTetingkap timbul dan ubah halaKandungan yang dilindungiPengecam kandungan yang dilindungiBenarkan tapak untuk memainkan kandungan yang dilindungi (disyorkan)Sesetengah perkhidmatan kandungan menggunakan pengecam unik bagi tujuan membenarkan akses kepada kandungan yang dilindungiBenarkan pengecam untuk kandungan yang dilindungi (komputer mungkin perlu dimulakan semula)Akses pemalam tanpa kotak pasirPeranti MIDITanya apabila tapak mahu menggunakan mesej eksklusif sistem untuk mengakses peranti MIDITanya apabila tapak mahu menggunakan mesej eksklusif sistem untuk mengakses peranti MIDI (disyorkan)Jangan benarkan mana-mana tapak menggunakan mesej eksklusif sistem untuk mengakses peranti MIDIBunyiPenderia gerakan atau cahayaPenderia gerakanPeranti USBTanya apabila tapak mahu mengakses peranti USBTanya apabila tapak mahu mengakses peranti USB (disyorkan)Jangan benarkan mana-mana tapak mengakses peranti USBPort siriTanya apabila tapak mahu mengakses port siriTanya apabila tapak mahu mengakses port siri (disyorkan)Jangan benarkan mana-mana tapak mengakses port siriAlih keluar tahap zumTahap zumTapak boleh menyimpan dan membaca data kukiTanya dahuluTanya dahulu (disyorkan)Tanya sebelum mengaksesTanya sebelum mengakses (disyorkan)Tanya sebelum menghantarTanya sebelum menghantar (disyorkan)Jangan paparkan sebarang imejPaparkan semuaTunjukkan semua (disyorkan)Benarkan tapak menyimpan dan membaca data kukiBenarkan tapak untuk menyimpan dan membaca data kuki (disyorkan)Sekat tapak daripada menjalankan FlashTetapan Flash anda akan dikekalkan sehinggalah anda keluar daripada Chrome.Benarkan tapak yang baru sahaja ditutup untuk menyelesaikan penghantaran dan penerimaan dataBenarkan tapak yang baru sahaja ditutup untuk menyelesaikan penghantaran dan penerimaan data (disyorkan)Jangan benarkan tapak yang baru sahaja ditutup untuk menyelesaikan penghantaran dan penerimaan dataMembenarkan tapak untuk meminta menjadi pengendali lalai untuk protokolBenarkan tapak meminta untuk menjadi pengendali lalai untuk protokol (disyorkan)Jangan benarkan mana-mana tapak untuk mengendalikan protokolDisekat di tapak yang menyiarkan iklan yang mengganggu atau mengelirukanDisekat di tapak yang menyiarkan iklan yang mengganggu atau mengelirukan (disyorkan)Benarkan tapak untuk memainkan bunyi