aplikací $2.Pro motiv nelze načíst bitovou kopii „$1“.Nelze načíst ikonu „$1“ pro akci stránky.Nelze načíst ikonu „$1“ pro akci prohlížeče.Tato ikona se zobrazí, když bude rozšíření moci provádět akce na aktuální stránce.Ikona se zobrazí, když bude možné rozšíření použít na aktuální stránce. Rozšíření aktivujete kliknutím na ikonu nebo klávesovou zkratkou $1.Toto rozšíření aktivujete kliknutím na tuto ikonu.Toto rozšíření aktivujete kliknutím na tuto ikonu nebo klávesovou zkratkou $1.Chcete-li použít toto rozšíření, zadejte klíčové slovo $1, stiskněte klávesu Tab a poté začněte psát příslušný příkaz nebo vyhledávaný výraz.Chcete-li spravovat rozšíření, klikněte v nabídce Nástroje na příkaz Rozšíření.Spravovat zástupceChcete-li rozšíření přenést do všech počítačů, $1.Chcete-li mít rozšíření na všech svých počítačích, přihlaste se a zapn