 marca adequada do Software Adobe (especificamente, excluindo o logotipo corporativo da Adobe) no pacote ou nos materiais de marketing do Produto do Sublicenciado de maneira consistente com a marca de produtos de terceiros presentes nele.</p>
<p>14. Sem garantia. O SOFTWARE DA ADOBE ESTÁ DISPONÍVEL PARA O SUBLICENCIADO PARA USO E REPRODUÇÃO "NA FORMA EM QUE SE ENCONTRA" E A ADOBE NÃO FAZ GARANTIA PARA O SEU USO OU DESEMPENHO. A ADOBE E SEUS FORNECEDORES NÃO GARANTEM, E NEM PODEM GARANTIR, O DESEMPENHO OU OS RESULTADOS OBTIDOS COM O USO DO SOFTWARE ADOBE. EXCETO POR QUALQUER GARANTIA, CONDIÇÃO, REPRESENTAÇÃO OU TERMO ATÉ A EXTENSÃO MÁXIMA PARA A QUAL O MESMO NÃO PODE SER EXCLUÍDO OU LIMITADO PELA LEI APLICÁVEL NA JURISDIÇÃO DO SUBLICENCIADO, A ADOBE E SEUS FORNECEDORES NÃO FAZEM GARANTIAS, CONDIÇÕES, REPRESENTAÇÕES OU TERMOS (EXPRESSOS OU IMPLÍCITOS, SEJA POR ESTATUTO, LEI ORDINÁRIA, PERSONALIZAÇÃO, DE USO OU ALGUM OUTRO), PARA QUALQUER QU